
Microsoft Visual Studio Solution File, Format Version 12.00
# Visual Studio Version 17
VisualStudioVersion = 17.7.34024.191
MinimumVisualStudioVersion = 10.0.40219.1
Project("{8BC9CEB8-8B4A-11D0-8D11-00A0C91BC942}") = "Apex", "apex\Apex.vcxproj", "{D4EE7090-19B7-4817-B777-8BB0F8272AFD}"
EndProject
Project("{8BC9CEB8-8B4A-11D0-8D11-00A0C91BC942}") = "RigelDriver", "Driver-main\driver.vcxproj", "{59AD331E-D3D4-46C4-8759-4A02AB42353A}"
EndProject
Global
	GlobalSection(SolutionConfigurationPlatforms) = preSolution
		Debug|ARM = Debug|ARM
		Debug|ARM64 = Debug|ARM64
		Debug|x64 = Debug|x64
		Debug|x86 = Debug|x86
		Release|ARM = Release|ARM
		Release|ARM64 = Release|ARM64
		Release|x64 = Release|x64
		Release|x86 = Release|x86
	EndGlobalSection
	GlobalSection(ProjectConfigurationPlatforms) = postSolution
		{D4EE7090-19B7-4817-B777-8BB0F8272AFD}.Debug|ARM.ActiveCfg = Debug|x64
		{D4EE7090-19B7-4817-B777-8BB0F8272AFD}.Debug|ARM.Build.0 = Debug|x64
		{D4EE7090-19B7-4817-B777-8BB0F8272AFD}.Debug|ARM64.ActiveCfg = Debug|x64
		{D4EE7090-19B7-4817-B777-8BB0F8272AFD}.Debug|ARM64.Build.0 = Debug|x64
		{D4EE7090-19B7-4817-B777-8BB0F8272AFD}.Debug|x64.ActiveCfg = Debug|x64
		{D4EE7090-19B7-4817-B777-8BB0F8272AFD}.Debug|x64.Build.0 = Debug|x64
		{D4EE7090-19B7-4817-B777-8BB0F8272AFD}.Debug|x86.ActiveCfg = Debug|Win32
		{D4EE7090-19B7-4817-B777-8BB0F8272AFD}.Debug|x86.Build.0 = Debug|Win32
		{D4EE7090-19B7-4817-B777-8BB0F8272AFD}.Release|ARM.ActiveCfg = Release|x64
		{D4EE7090-19B7-4817-B777-8BB0F8272AFD}.Release|ARM.Build.0 = Release|x64
		{D4EE7090-19B7-4817-B777-8BB0F8272AFD}.Release|ARM64.ActiveCfg = Release|x64
		{D4EE7090-19B7-4817-B777-8BB0F8272AFD}.Release|ARM64.Build.0 = Release|x64
		{D4EE7090-19B7-4817-B777-8BB0F8272AFD}.Release|x64.ActiveCfg = Release|x64
		{D4EE7090-19B7-4817-B777-8BB0F8272AFD}.Release|x64.Build.0 = Release|x64
		{D4EE7090-19B7-4817-B777-8BB0F8272AFD}.Release|x86.ActiveCfg = Release|Win32
		{D4EE7090-19B7-4817-B777-8BB0F8272AFD}.Release|x86.Build.0 = Release|Win32
		{59AD331E-D3D4-46C4-8759-4A02AB42353A}.Debug|ARM.ActiveCfg = Debug|ARM
		{59AD331E-D3D4-46C4-8759-4A02AB42353A}.Debug|ARM.Build.0 = Debug|ARM
		{59AD331E-D3D4-46C4-8759-4A02AB42353A}.Debug|ARM.Deploy.0 = Debug|ARM
		{59AD331E-D3D4-46C4-8759-4A02AB42353A}.Debug|ARM64.ActiveCfg = Debug|ARM64
		{59AD331E-D3D4-46C4-8759-4A02AB42353A}.Debug|ARM64.Build.0 = Debug|ARM64
		{59AD331E-D3D4-46C4-8759-4A02AB42353A}.Debug|ARM64.Deploy.0 = Debug|ARM64
		{59AD331E-D3D4-46C4-8759-4A02AB42353A}.Debug|x64.ActiveCfg = Debug|x64
		{59AD331E-D3D4-46C4-8759-4A02AB42353A}.Debug|x64.Build.0 = Debug|x64
		{59AD331E-D3D4-46C4-8759-4A02AB42353A}.Debug|x64.Deploy.0 = Debug|x64
		{59AD331E-D3D4-46C4-8759-4A02AB42353A}.Debug|x86.ActiveCfg = Debug|Win32
		{59AD331E-D3D4-46C4-8759-4A02AB42353A}.Debug|x86.Build.0 = Debug|Win32
		{59AD331E-D3D4-46C4-8759-4A02AB42353A}.Debug|x86.Deploy.0 = Debug|Win32
		{59AD331E-D3D4-46C4-8759-4A02AB42353A}.Release|ARM.ActiveCfg = Release|ARM
		{59AD331E-D3D4-46C4-8759-4A02AB42353A}.Release|ARM.Build.0 = Release|ARM
		{59AD331E-D3D4-46C4-8759-4A02AB42353A}.Release|ARM.Deploy.0 = Release|ARM
		{59AD331E-D3D4-46C4-8759-4A02AB42353A}.Release|ARM64.ActiveCfg = Release|ARM64
		{59AD331E-D3D4-46C4-8759-4A02AB42353A}.Release|ARM64.Build.0 = Release|ARM64
		{59AD331E-D3D4-46C4-8759-4A02AB42353A}.Release|ARM64.Deploy.0 = Release|ARM64
		{59AD331E-D3D4-46C4-8759-4A02AB42353A}.Release|x64.ActiveCfg = Release|x64
		{59AD331E-D3D4-46C4-8759-4A02AB42353A}.Release|x64.Build.0 = Release|x64
		{59AD331E-D3D4-46C4-8759-4A02AB42353A}.Release|x64.Deploy.0 = Release|x64
		{59AD331E-D3D4-46C4-8759-4A02AB42353A}.Release|x86.ActiveCfg = Release|Win32
		{59AD331E-D3D4-46C4-8759-4A02AB42353A}.Release|x86.Build.0 = Release|Win32
		{59AD331E-D3D4-46C4-8759-4A02AB42353A}.Release|x86.Deploy.0 = Release|Win32
	EndGlobalSection
	GlobalSection(SolutionProperties) = preSolution
		HideSolutionNode = FALSE
	EndGlobalSection
	GlobalSection(ExtensibilityGlobals) = postSolution
		SolutionGuid = {024CED05-9BBA-41C1-A026-CA41040AD7ED}
	EndGlobalSection
EndGlobal
